schema: '2.0'
stages:
  load_data:
    cmd: python src/stage_01_load_and_save.py --config=params.yaml
    deps:
    - path: src/stage_01_load_and_save.py
      md5: ad7c47799c6d1281fa524192a7fec36c
      size: 1163
    params:
      params.yaml:
        artifacts.raw_local_data: artifacts/raw_local_data_dir/data.csv
        data_source.uci_source: https://archive.ics.uci.edu/ml/machine-learning-databases/wine-quality/winequality-red.csv
    outs:
    - path: artifacts/raw_local_data_dir/data.csv
      md5: 7d814a1bda02145efe703f4e1c01847a
      size: 91999
  split_data:
    cmd: python src/stage_02_split.py --config=params.yaml
    deps:
    - path: artifacts/raw_local_data_dir/data.csv
      md5: 7d814a1bda02145efe703f4e1c01847a
      size: 91999
    - path: src/stage_02_split.py
      md5: 06b5580081bd6836b502f1ec873d0087
      size: 1246
    params:
      params.yaml:
        artifacts.raw_local_data: artifacts/raw_local_data_dir/data.csv
        artifacts.split_data.processed_data_dir: artifacts/processed_data
        artifacts.split_data.test_path: artifacts/processed_data/test.csv
        artifacts.split_data.train_path: artifacts/processed_data/train.csv
        base.random_state: 42
        base.test_size: 0.2
    outs:
    - path: artifacts/processed_data/test.csv
      md5: b0a1dbeb7586d88a8be61abde64f9114
      size: 18511
    - path: artifacts/processed_data/train.csv
      md5: d6dded45f97a8e239b8321d3fdc695b7
      size: 73634
  train_data:
    cmd: python src/stage_03_train.py --config=params.yaml
    deps:
    - path: artifacts/processed_data/train.csv
      md5: d6dded45f97a8e239b8321d3fdc695b7
      size: 73634
    - path: src/stage_03_train.py
      md5: 018b28749d372a6e3e9d87e4275c9cd9
      size: 1709
    params:
      params.yaml:
        artifacts.split_data.train_path: artifacts/processed_data/train.csv
        base.random_state: 42
        base.traget_col: quality
        estimators.ElasticNet.params.alpha: 0.9
        estimators.ElasticNet.params.l1_ratio: 0.4
    outs:
    - path: artifacts/report/params.json
      md5: a4aab0167612f21a6085dd05cfafdbf6
      size: 41
    - path: artifacts/saved_models/model.joblib
      md5: 6178d31a3e910c1563f7bb0f523b10b3
      size: 1316
  evaluate:
    cmd: python src/stage_04_evaluate.py --config=params.yaml
    deps:
    - path: artifacts/processed_data/test.csv
      md5: b0a1dbeb7586d88a8be61abde64f9114
      size: 18511
    - path: artifacts/saved_models/model.joblib
      md5: 6178d31a3e910c1563f7bb0f523b10b3
      size: 1316
    - path: src/stage_04_evaluate.py
      md5: 32098c537ec780a92331fe611340aa68
      size: 1580
    params:
      params.yaml:
        artifacts.split_data.test_path: artifacts/processed_data/test.csv
        base.traget_col: quality
    outs:
    - path: artifacts/report/scores.json
      md5: 62f2befb0e70474b0866d0dca5202e13
      size: 101
